
Microsoft Visual Studio Solution File, Format Version 12.00
# Visual Studio 2013
VisualStudioVersion = 12.0.30110.0
MinimumVisualStudioVersion = 10.0.40219.1
Project("{2150E333-8FDC-42A3-9474-1A3956D46DE8}") = "Stopwatch", "Stopwatch", "{2E338B28-58A6-4E11-878F-A9581FB8B9A8}"
EndProject
Project("{2150E333-8FDC-42A3-9474-1A3956D46DE8}") = ".nuget", ".nuget", "{3D839294-A19D-4498-B767-B39674EFAA75}"
	ProjectSection(SolutionItems) = preProject
		.nuget\NuGet.Config = .nuget\NuGet.Config
		.nuget\NuGet.exe = .nuget\NuGet.exe
		.nuget\NuGet.targets = .nuget\NuGet.targets
	EndProjectSection
EndProject
Project("{FAE04EC0-301F-11D3-BF4B-00C04F79EFBC}") = "Stopwatch", "Plugins\Stopwatch\Stopwatch\Stopwatch.csproj", "{7411AC3C-A723-4EA8-90A7-B46F6A4D96E9}"
EndProject
Project("{FAE04EC0-301F-11D3-BF4B-00C04F79EFBC}") = "Stopwatch.Droid", "Plugins\Stopwatch\Stopwatch.Droid\Stopwatch.Droid.csproj", "{206075AF-A14B-4D0A-923E-E026465E1EF0}"
EndProject
Project("{FAE04EC0-301F-11D3-BF4B-00C04F79EFBC}") = "Stopwatch.Mac", "Plugins\Stopwatch\Stopwatch.Mac\Stopwatch.Mac.csproj", "{2A22F028-F3A9-49BB-A216-065CC6A55499}"
EndProject
Project("{FAE04EC0-301F-11D3-BF4B-00C04F79EFBC}") = "Stopwatch.Touch", "Plugins\Stopwatch\Stopwatch.Touch\Stopwatch.Touch.csproj", "{7AC289A7-2BFE-4742-9D13-4F839185AC8D}"
EndProject
Project("{FAE04EC0-301F-11D3-BF4B-00C04F79EFBC}") = "Stopwatch.WindowsPhone", "Plugins\Stopwatch\Stopwatch.WindowsPhone\Stopwatch.WindowsPhone.csproj", "{F7E68331-7568-453E-90FF-EBC5EB5F7B94}"
EndProject
Project("{FAE04EC0-301F-11D3-BF4B-00C04F79EFBC}") = "Stopwatch.WindowsStore", "Plugins\Stopwatch\Stopwatch.WindowsStore\Stopwatch.WindowsStore.csproj", "{625FEC12-FDA6-4568-96B5-9B9CC670C003}"
EndProject
Project("{FAE04EC0-301F-11D3-BF4B-00C04F79EFBC}") = "Stopwatch.XamMac", "Plugins\Stopwatch\Stopwatch.XamMac\Stopwatch.XamMac.csproj", "{6048CD4D-5BA3-4EA5-9F53-27CF95A4EA88}"
EndProject
Project("{2150E333-8FDC-42A3-9474-1A3956D46DE8}") = "Plugins", "Plugins", "{F78FAA1A-3E0C-4216-B5B8-955805B4D49A}"
EndProject
Project("{FAE04EC0-301F-11D3-BF4B-00C04F79EFBC}") = "Stopwatch.Wpf", "Plugins\Stopwatch\Stopwatch.Wpf\Stopwatch.Wpf.csproj", "{362BC1A7-F06B-4323-83A2-C8D375A0D31F}"
EndProject
Project("{FAE04EC0-301F-11D3-BF4B-00C04F79EFBC}") = "MvxPluginTemplateWizard", "MvxPluginTemplateWizard\MvxPluginTemplateWizard.csproj", "{72069854-3C43-4FB8-8C7E-19FD4B9A980E}"
EndProject
Project("{2150E333-8FDC-42A3-9474-1A3956D46DE8}") = "IO", "IO", "{00593173-6293-42D7-9AFE-0CBBFDAC631B}"
EndProject
Project("{FAE04EC0-301F-11D3-BF4B-00C04F79EFBC}") = "IO", "Plugins\IO\IO\IO.csproj", "{90E28404-D2DE-4835-8FAF-AC2FF05CE6BB}"
EndProject
Project("{FAE04EC0-301F-11D3-BF4B-00C04F79EFBC}") = "IO.Droid", "Plugins\IO\IO.Droid\IO.Droid.csproj", "{D59C8C51-D254-4457-BDE0-9A02D8A619A4}"
EndProject
Project("{FAE04EC0-301F-11D3-BF4B-00C04F79EFBC}") = "IO.Mac", "Plugins\IO\IO.Mac\IO.Mac.csproj", "{08B323F8-0E28-4AA5-ADEA-26C93FF23FF8}"
EndProject
Project("{FAE04EC0-301F-11D3-BF4B-00C04F79EFBC}") = "IO.Touch", "Plugins\IO\IO.Touch\IO.Touch.csproj", "{01DE61DB-A507-4C80-B176-18F30696BEE7}"
EndProject
Project("{FAE04EC0-301F-11D3-BF4B-00C04F79EFBC}") = "IO.WindowsPhone", "Plugins\IO\IO.WindowsPhone\IO.WindowsPhone.csproj", "{473A3B13-1E08-473E-9A27-D3C44D6D9B36}"
EndProject
Project("{FAE04EC0-301F-11D3-BF4B-00C04F79EFBC}") = "IO.WindowsStore", "Plugins\IO\IO.WindowsStore\IO.WindowsStore.csproj", "{68D0ECA8-24AD-4232-9603-39340A51BEF8}"
EndProject
Project("{FAE04EC0-301F-11D3-BF4B-00C04F79EFBC}") = "IO.Wpf", "Plugins\IO\IO.Wpf\IO.Wpf.csproj", "{3ECCEB4F-4CA9-46C6-A19F-BE272876C5F7}"
EndProject
Project("{FAE04EC0-301F-11D3-BF4B-00C04F79EFBC}") = "IO.XamMac", "Plugins\IO\IO.XamMac\IO.XamMac.csproj", "{1E7E3586-01F2-4D8C-94A1-8EEC2AC6CEF4}"
EndProject
Project("{2150E333-8FDC-42A3-9474-1A3956D46DE8}") = "Tests", "Tests", "{D9520806-29C8-4EB8-96CF-EE3D6D9187D6}"
EndProject
Project("{FAE04EC0-301F-11D3-BF4B-00C04F79EFBC}") = "IO.Wpf.Tests", "Plugins\IO\Tests\IO.Wpf.Tests\IO.Wpf.Tests.csproj", "{4B09847C-6A68-4B1C-AF22-7574B6EA8A92}"
EndProject
Project("{2150E333-8FDC-42A3-9474-1A3956D46DE8}") = "Cryptography", "Cryptography", "{6BA6AF47-3116-42F8-A8AB-2B56C31ACC03}"
EndProject
Project("{FAE04EC0-301F-11D3-BF4B-00C04F79EFBC}") = "Cryptography", "Plugins\Cryptography\Cryptography\Cryptography.csproj", "{9A051E0B-8170-4664-9FD4-C551B2424F55}"
EndProject
Project("{FAE04EC0-301F-11D3-BF4B-00C04F79EFBC}") = "Cryptography.Droid", "Plugins\Cryptography\Cryptography.Droid\Cryptography.Droid.csproj", "{8BC08B8B-2710-4450-BEF5-D3F658CFF1F6}"
EndProject
Project("{FAE04EC0-301F-11D3-BF4B-00C04F79EFBC}") = "Cryptography.Mac", "Plugins\Cryptography\Cryptography.Mac\Cryptography.Mac.csproj", "{A8C17A7A-BCD8-42B0-909D-7622752A07F9}"
EndProject
Project("{FAE04EC0-301F-11D3-BF4B-00C04F79EFBC}") = "Cryptography.Touch", "Plugins\Cryptography\Cryptography.Touch\Cryptography.Touch.csproj", "{C94B6107-9300-4795-8ADD-6D53E29738E2}"
EndProject
Project("{FAE04EC0-301F-11D3-BF4B-00C04F79EFBC}") = "Cryptography.WindowsPhone", "Plugins\Cryptography\Cryptography.WindowsPhone\Cryptography.WindowsPhone.csproj", "{67733581-8469-475D-98F6-1FBB53EE2621}"
EndProject
Project("{FAE04EC0-301F-11D3-BF4B-00C04F79EFBC}") = "Cryptography.WindowsStore", "Plugins\Cryptography\Cryptography.WindowsStore\Cryptography.WindowsStore.csproj", "{3E540895-B381-4073-994F-395E73F9B6D5}"
EndProject
Project("{FAE04EC0-301F-11D3-BF4B-00C04F79EFBC}") = "Cryptography.Wpf", "Plugins\Cryptography\Cryptography.Wpf\Cryptography.Wpf.csproj", "{7BC60392-D681-4B3B-96C3-3F1DB6C9DE85}"
EndProject
Project("{FAE04EC0-301F-11D3-BF4B-00C04F79EFBC}") = "Cryptography.XamMac", "Plugins\Cryptography\Cryptography.XamMac\Cryptography.XamMac.csproj", "{2C5501E3-FC9F-423F-978B-69A99F6A6FAD}"
EndProject
Global
	GlobalSection(SolutionConfigurationPlatforms) = preSolution
		Debug|Any CPU = Debug|Any CPU
		Debug|ARM = Debug|ARM
		Debug|Mixed Platforms = Debug|Mixed Platforms
		Debug|x64 = Debug|x64
		Debug|x86 = Debug|x86
		Release|Any CPU = Release|Any CPU
		Release|ARM = Release|ARM
		Release|Mixed Platforms = Release|Mixed Platforms
		Release|x64 = Release|x64
		Release|x86 = Release|x86
	EndGlobalSection
	GlobalSection(ProjectConfigurationPlatforms) = postSolution
		{7411AC3C-A723-4EA8-90A7-B46F6A4D96E9}.Debug|Any CPU.ActiveCfg = Debug|Any CPU
		{7411AC3C-A723-4EA8-90A7-B46F6A4D96E9}.Debug|Any CPU.Build.0 = Debug|Any CPU
		{7411AC3C-A723-4EA8-90A7-B46F6A4D96E9}.Debug|ARM.ActiveCfg = Debug|Any CPU
		{7411AC3C-A723-4EA8-90A7-B46F6A4D96E9}.Debug|ARM.Build.0 = Debug|Any CPU
		{7411AC3C-A723-4EA8-90A7-B46F6A4D96E9}.Debug|Mixed Platforms.ActiveCfg = Debug|Any CPU
		{7411AC3C-A723-4EA8-90A7-B46F6A4D96E9}.Debug|Mixed Platforms.Build.0 = Debug|Any CPU
		{7411AC3C-A723-4EA8-90A7-B46F6A4D96E9}.Debug|x64.ActiveCfg = Debug|Any CPU
		{7411AC3C-A723-4EA8-90A7-B46F6A4D96E9}.Debug|x64.Build.0 = Debug|Any CPU
		{7411AC3C-A723-4EA8-90A7-B46F6A4D96E9}.Debug|x86.ActiveCfg = Debug|Any CPU
		{7411AC3C-A723-4EA8-90A7-B46F6A4D96E9}.Debug|x86.Build.0 = Debug|Any CPU
		{7411AC3C-A723-4EA8-90A7-B46F6A4D96E9}.Release|Any CPU.ActiveCfg = Release|Any CPU
		{7411AC3C-A723-4EA8-90A7-B46F6A4D96E9}.Release|Any CPU.Build.0 = Release|Any CPU
		{7411AC3C-A723-4EA8-90A7-B46F6A4D96E9}.Release|ARM.ActiveCfg = Release|Any CPU
		{7411AC3C-A723-4EA8-90A7-B46F6A4D96E9}.Release|ARM.Build.0 = Release|Any CPU
		{7411AC3C-A723-4EA8-90A7-B46F6A4D96E9}.Release|Mixed Platforms.ActiveCfg = Release|Any CPU
		{7411AC3C-A723-4EA8-90A7-B46F6A4D96E9}.Release|Mixed Platforms.Build.0 = Release|Any CPU
		{7411AC3C-A723-4EA8-90A7-B46F6A4D96E9}.Release|x64.ActiveCfg = Release|Any CPU
		{7411AC3C-A723-4EA8-90A7-B46F6A4D96E9}.Release|x64.Build.0 = Release|Any CPU
		{7411AC3C-A723-4EA8-90A7-B46F6A4D96E9}.Release|x86.ActiveCfg = Release|Any CPU
		{7411AC3C-A723-4EA8-90A7-B46F6A4D96E9}.Release|x86.Build.0 = Release|Any CPU
		{206075AF-A14B-4D0A-923E-E026465E1EF0}.Debug|Any CPU.ActiveCfg = Debug|Any CPU
		{206075AF-A14B-4D0A-923E-E026465E1EF0}.Debug|Any CPU.Build.0 = Debug|Any CPU
		{206075AF-A14B-4D0A-923E-E026465E1EF0}.Debug|ARM.ActiveCfg = Debug|Any CPU
		{206075AF-A14B-4D0A-923E-E026465E1EF0}.Debug|Mixed Platforms.ActiveCfg = Debug|Any CPU
		{206075AF-A14B-4D0A-923E-E026465E1EF0}.Debug|Mixed Platforms.Build.0 = Debug|Any CPU
		{206075AF-A14B-4D0A-923E-E026465E1EF0}.Debug|x64.ActiveCfg = Debug|Any CPU
		{206075AF-A14B-4D0A-923E-E026465E1EF0}.Debug|x86.ActiveCfg = Debug|Any CPU
		{206075AF-A14B-4D0A-923E-E026465E1EF0}.Release|Any CPU.ActiveCfg = Release|Any CPU
		{206075AF-A14B-4D0A-923E-E026465E1EF0}.Release|Any CPU.Build.0 = Release|Any CPU
		{206075AF-A14B-4D0A-923E-E026465E1EF0}.Release|ARM.ActiveCfg = Release|Any CPU
		{206075AF-A14B-4D0A-923E-E026465E1EF0}.Release|Mixed Platforms.ActiveCfg = Release|Any CPU
		{206075AF-A14B-4D0A-923E-E026465E1EF0}.Release|Mixed Platforms.Build.0 = Release|Any CPU
		{206075AF-A14B-4D0A-923E-E026465E1EF0}.Release|x64.ActiveCfg = Release|Any CPU
		{206075AF-A14B-4D0A-923E-E026465E1EF0}.Release|x86.ActiveCfg = Release|Any CPU
		{2A22F028-F3A9-49BB-A216-065CC6A55499}.Debug|Any CPU.ActiveCfg = Debug|Any CPU
		{2A22F028-F3A9-49BB-A216-065CC6A55499}.Debug|Any CPU.Build.0 = Debug|Any CPU
		{2A22F028-F3A9-49BB-A216-065CC6A55499}.Debug|ARM.ActiveCfg = Debug|Any CPU
		{2A22F028-F3A9-49BB-A216-065CC6A55499}.Debug|Mixed Platforms.ActiveCfg = Debug|Any CPU
		{2A22F028-F3A9-49BB-A216-065CC6A55499}.Debug|Mixed Platforms.Build.0 = Debug|Any CPU
		{2A22F028-F3A9-49BB-A216-065CC6A55499}.Debug|x64.ActiveCfg = Debug|Any CPU
		{2A22F028-F3A9-49BB-A216-065CC6A55499}.Debug|x86.ActiveCfg = Debug|Any CPU
		{2A22F028-F3A9-49BB-A216-065CC6A55499}.Release|Any CPU.ActiveCfg = Release|Any CPU
		{2A22F028-F3A9-49BB-A216-065CC6A55499}.Release|Any CPU.Build.0 = Release|Any CPU
		{2A22F028-F3A9-49BB-A216-065CC6A55499}.Release|ARM.ActiveCfg = Release|Any CPU
		{2A22F028-F3A9-49BB-A216-065CC6A55499}.Release|Mixed Platforms.ActiveCfg = Release|Any CPU
		{2A22F028-F3A9-49BB-A216-065CC6A55499}.Release|Mixed Platforms.Build.0 = Release|Any CPU
		{2A22F028-F3A9-49BB-A216-065CC6A55499}.Release|x64.ActiveCfg = Release|Any CPU
		{2A22F028-F3A9-49BB-A216-065CC6A55499}.Release|x86.ActiveCfg = Release|Any CPU
		{7AC289A7-2BFE-4742-9D13-4F839185AC8D}.Debug|Any CPU.ActiveCfg = Debug|Any CPU
		{7AC289A7-2BFE-4742-9D13-4F839185AC8D}.Debug|Any CPU.Build.0 = Debug|Any CPU
		{7AC289A7-2BFE-4742-9D13-4F839185AC8D}.Debug|ARM.ActiveCfg = Debug|Any CPU
		{7AC289A7-2BFE-4742-9D13-4F839185AC8D}.Debug|Mixed Platforms.ActiveCfg = Debug|Any CPU
		{7AC289A7-2BFE-4742-9D13-4F839185AC8D}.Debug|Mixed Platforms.Build.0 = Debug|Any CPU
		{7AC289A7-2BFE-4742-9D13-4F839185AC8D}.Debug|x64.ActiveCfg = Debug|Any CPU
		{7AC289A7-2BFE-4742-9D13-4F839185AC8D}.Debug|x86.ActiveCfg = Debug|Any CPU
		{7AC289A7-2BFE-4742-9D13-4F839185AC8D}.Release|Any CPU.ActiveCfg = Release|Any CPU
		{7AC289A7-2BFE-4742-9D13-4F839185AC8D}.Release|Any CPU.Build.0 = Release|Any CPU
		{7AC289A7-2BFE-4742-9D13-4F839185AC8D}.Release|ARM.ActiveCfg = Release|Any CPU
		{7AC289A7-2BFE-4742-9D13-4F839185AC8D}.Release|Mixed Platforms.ActiveCfg = Release|Any CPU
		{7AC289A7-2BFE-4742-9D13-4F839185AC8D}.Release|Mixed Platforms.Build.0 = Release|Any CPU
		{7AC289A7-2BFE-4742-9D13-4F839185AC8D}.Release|x64.ActiveCfg = Release|Any CPU
		{7AC289A7-2BFE-4742-9D13-4F839185AC8D}.Release|x86.ActiveCfg = Release|Any CPU
		{F7E68331-7568-453E-90FF-EBC5EB5F7B94}.Debug|Any CPU.ActiveCfg = Debug|Any CPU
		{F7E68331-7568-453E-90FF-EBC5EB5F7B94}.Debug|Any CPU.Build.0 = Debug|Any CPU
		{F7E68331-7568-453E-90FF-EBC5EB5F7B94}.Debug|ARM.ActiveCfg = Debug|ARM
		{F7E68331-7568-453E-90FF-EBC5EB5F7B94}.Debug|ARM.Build.0 = Debug|ARM
		{F7E68331-7568-453E-90FF-EBC5EB5F7B94}.Debug|Mixed Platforms.ActiveCfg = Debug|x86
		{F7E68331-7568-453E-90FF-EBC5EB5F7B94}.Debug|Mixed Platforms.Build.0 = Debug|x86
		{F7E68331-7568-453E-90FF-EBC5EB5F7B94}.Debug|x64.ActiveCfg = Debug|Any CPU
		{F7E68331-7568-453E-90FF-EBC5EB5F7B94}.Debug|x86.ActiveCfg = Debug|x86
		{F7E68331-7568-453E-90FF-EBC5EB5F7B94}.Debug|x86.Build.0 = Debug|x86
		{F7E68331-7568-453E-90FF-EBC5EB5F7B94}.Release|Any CPU.ActiveCfg = Release|Any CPU
		{F7E68331-7568-453E-90FF-EBC5EB5F7B94}.Release|Any CPU.Build.0 = Release|Any CPU
		{F7E68331-7568-453E-90FF-EBC5EB5F7B94}.Release|ARM.ActiveCfg = Release|ARM
		{F7E68331-7568-453E-90FF-EBC5EB5F7B94}.Release|ARM.Build.0 = Release|ARM
		{F7E68331-7568-453E-90FF-EBC5EB5F7B94}.Release|Mixed Platforms.ActiveCfg = Release|x86
		{F7E68331-7568-453E-90FF-EBC5EB5F7B94}.Release|Mixed Platforms.Build.0 = Release|x86
		{F7E68331-7568-453E-90FF-EBC5EB5F7B94}.Release|x64.ActiveCfg = Release|Any CPU
		{F7E68331-7568-453E-90FF-EBC5EB5F7B94}.Release|x86.ActiveCfg = Release|x86
		{F7E68331-7568-453E-90FF-EBC5EB5F7B94}.Release|x86.Build.0 = Release|x86
		{625FEC12-FDA6-4568-96B5-9B9CC670C003}.Debug|Any CPU.ActiveCfg = Debug|Any CPU
		{625FEC12-FDA6-4568-96B5-9B9CC670C003}.Debug|Any CPU.Build.0 = Debug|Any CPU
		{625FEC12-FDA6-4568-96B5-9B9CC670C003}.Debug|ARM.ActiveCfg = Debug|ARM
		{625FEC12-FDA6-4568-96B5-9B9CC670C003}.Debug|ARM.Build.0 = Debug|ARM
		{625FEC12-FDA6-4568-96B5-9B9CC670C003}.Debug|Mixed Platforms.ActiveCfg = Debug|x86
		{625FEC12-FDA6-4568-96B5-9B9CC670C003}.Debug|Mixed Platforms.Build.0 = Debug|x86
		{625FEC12-FDA6-4568-96B5-9B9CC670C003}.Debug|x64.ActiveCfg = Debug|x64
		{625FEC12-FDA6-4568-96B5-9B9CC670C003}.Debug|x64.Build.0 = Debug|x64
		{625FEC12-FDA6-4568-96B5-9B9CC670C003}.Debug|x86.ActiveCfg = Debug|x86
		{625FEC12-FDA6-4568-96B5-9B9CC670C003}.Debug|x86.Build.0 = Debug|x86
		{625FEC12-FDA6-4568-96B5-9B9CC670C003}.Release|Any CPU.ActiveCfg = Release|Any CPU
		{625FEC12-FDA6-4568-96B5-9B9CC670C003}.Release|Any CPU.Build.0 = Release|Any CPU
		{625FEC12-FDA6-4568-96B5-9B9CC670C003}.Release|ARM.ActiveCfg = Release|ARM
		{625FEC12-FDA6-4568-96B5-9B9CC670C003}.Release|ARM.Build.0 = Release|ARM
		{625FEC12-FDA6-4568-96B5-9B9CC670C003}.Release|Mixed Platforms.ActiveCfg = Release|x86
		{625FEC12-FDA6-4568-96B5-9B9CC670C003}.Release|Mixed Platforms.Build.0 = Release|x86
		{625FEC12-FDA6-4568-96B5-9B9CC670C003}.Release|x64.ActiveCfg = Release|x64
		{625FEC12-FDA6-4568-96B5-9B9CC670C003}.Release|x64.Build.0 = Release|x64
		{625FEC12-FDA6-4568-96B5-9B9CC670C003}.Release|x86.ActiveCfg = Release|x86
		{625FEC12-FDA6-4568-96B5-9B9CC670C003}.Release|x86.Build.0 = Release|x86
		{6048CD4D-5BA3-4EA5-9F53-27CF95A4EA88}.Debug|Any CPU.ActiveCfg = Debug|Any CPU
		{6048CD4D-5BA3-4EA5-9F53-27CF95A4EA88}.Debug|Any CPU.Build.0 = Debug|Any CPU
		{6048CD4D-5BA3-4EA5-9F53-27CF95A4EA88}.Debug|ARM.ActiveCfg = Debug|Any CPU
		{6048CD4D-5BA3-4EA5-9F53-27CF95A4EA88}.Debug|Mixed Platforms.ActiveCfg = Debug|Any CPU
		{6048CD4D-5BA3-4EA5-9F53-27CF95A4EA88}.Debug|Mixed Platforms.Build.0 = Debug|Any CPU
		{6048CD4D-5BA3-4EA5-9F53-27CF95A4EA88}.Debug|x64.ActiveCfg = Debug|Any CPU
		{6048CD4D-5BA3-4EA5-9F53-27CF95A4EA88}.Debug|x86.ActiveCfg = Debug|Any CPU
		{6048CD4D-5BA3-4EA5-9F53-27CF95A4EA88}.Release|Any CPU.ActiveCfg = Release|Any CPU
		{6048CD4D-5BA3-4EA5-9F53-27CF95A4EA88}.Release|Any CPU.Build.0 = Release|Any CPU
		{6048CD4D-5BA3-4EA5-9F53-27CF95A4EA88}.Release|ARM.ActiveCfg = Release|Any CPU
		{6048CD4D-5BA3-4EA5-9F53-27CF95A4EA88}.Release|Mixed Platforms.ActiveCfg = Release|Any CPU
		{6048CD4D-5BA3-4EA5-9F53-27CF95A4EA88}.Release|Mixed Platforms.Build.0 = Release|Any CPU
		{6048CD4D-5BA3-4EA5-9F53-27CF95A4EA88}.Release|x64.ActiveCfg = Release|Any CPU
		{6048CD4D-5BA3-4EA5-9F53-27CF95A4EA88}.Release|x86.ActiveCfg = Release|Any CPU
		{362BC1A7-F06B-4323-83A2-C8D375A0D31F}.Debug|Any CPU.ActiveCfg = Debug|Any CPU
		{362BC1A7-F06B-4323-83A2-C8D375A0D31F}.Debug|Any CPU.Build.0 = Debug|Any CPU
		{362BC1A7-F06B-4323-83A2-C8D375A0D31F}.Debug|ARM.ActiveCfg = Debug|Any CPU
		{362BC1A7-F06B-4323-83A2-C8D375A0D31F}.Debug|Mixed Platforms.ActiveCfg = Debug|Any CPU
		{362BC1A7-F06B-4323-83A2-C8D375A0D31F}.Debug|Mixed Platforms.Build.0 = Debug|Any CPU
		{362BC1A7-F06B-4323-83A2-C8D375A0D31F}.Debug|x64.ActiveCfg = Debug|Any CPU
		{362BC1A7-F06B-4323-83A2-C8D375A0D31F}.Debug|x86.ActiveCfg = Debug|Any CPU
		{362BC1A7-F06B-4323-83A2-C8D375A0D31F}.Release|Any CPU.ActiveCfg = Release|Any CPU
		{362BC1A7-F06B-4323-83A2-C8D375A0D31F}.Release|Any CPU.Build.0 = Release|Any CPU
		{362BC1A7-F06B-4323-83A2-C8D375A0D31F}.Release|ARM.ActiveCfg = Release|Any CPU
		{362BC1A7-F06B-4323-83A2-C8D375A0D31F}.Release|Mixed Platforms.ActiveCfg = Release|Any CPU
		{362BC1A7-F06B-4323-83A2-C8D375A0D31F}.Release|Mixed Platforms.Build.0 = Release|Any CPU
		{362BC1A7-F06B-4323-83A2-C8D375A0D31F}.Release|x64.ActiveCfg = Release|Any CPU
		{362BC1A7-F06B-4323-83A2-C8D375A0D31F}.Release|x86.ActiveCfg = Release|Any CPU
		{72069854-3C43-4FB8-8C7E-19FD4B9A980E}.Debug|Any CPU.ActiveCfg = Debug|Any CPU
		{72069854-3C43-4FB8-8C7E-19FD4B9A980E}.Debug|Any CPU.Build.0 = Debug|Any CPU
		{72069854-3C43-4FB8-8C7E-19FD4B9A980E}.Debug|ARM.ActiveCfg = Debug|Any CPU
		{72069854-3C43-4FB8-8C7E-19FD4B9A980E}.Debug|Mixed Platforms.ActiveCfg = Debug|Any CPU
		{72069854-3C43-4FB8-8C7E-19FD4B9A980E}.Debug|Mixed Platforms.Build.0 = Debug|Any CPU
		{72069854-3C43-4FB8-8C7E-19FD4B9A980E}.Debug|x64.ActiveCfg = Debug|Any CPU
		{72069854-3C43-4FB8-8C7E-19FD4B9A980E}.Debug|x86.ActiveCfg = Debug|Any CPU
		{72069854-3C43-4FB8-8C7E-19FD4B9A980E}.Release|Any CPU.ActiveCfg = Release|Any CPU
		{72069854-3C43-4FB8-8C7E-19FD4B9A980E}.Release|Any CPU.Build.0 = Release|Any CPU
		{72069854-3C43-4FB8-8C7E-19FD4B9A980E}.Release|ARM.ActiveCfg = Release|Any CPU
		{72069854-3C43-4FB8-8C7E-19FD4B9A980E}.Release|Mixed Platforms.ActiveCfg = Release|Any CPU
		{72069854-3C43-4FB8-8C7E-19FD4B9A980E}.Release|Mixed Platforms.Build.0 = Release|Any CPU
		{72069854-3C43-4FB8-8C7E-19FD4B9A980E}.Release|x64.ActiveCfg = Release|Any CPU
		{72069854-3C43-4FB8-8C7E-19FD4B9A980E}.Release|x86.ActiveCfg = Release|Any CPU
		{90E28404-D2DE-4835-8FAF-AC2FF05CE6BB}.Debug|Any CPU.ActiveCfg = Debug|Any CPU
		{90E28404-D2DE-4835-8FAF-AC2FF05CE6BB}.Debug|Any CPU.Build.0 = Debug|Any CPU
		{90E28404-D2DE-4835-8FAF-AC2FF05CE6BB}.Debug|ARM.ActiveCfg = Debug|Any CPU
		{90E28404-D2DE-4835-8FAF-AC2FF05CE6BB}.Debug|ARM.Build.0 = Debug|Any CPU
		{90E28404-D2DE-4835-8FAF-AC2FF05CE6BB}.Debug|Mixed Platforms.ActiveCfg = Debug|Any CPU
		{90E28404-D2DE-4835-8FAF-AC2FF05CE6BB}.Debug|Mixed Platforms.Build.0 = Debug|Any CPU
		{90E28404-D2DE-4835-8FAF-AC2FF05CE6BB}.Debug|x64.ActiveCfg = Debug|Any CPU
		{90E28404-D2DE-4835-8FAF-AC2FF05CE6BB}.Debug|x64.Build.0 = Debug|Any CPU
		{90E28404-D2DE-4835-8FAF-AC2FF05CE6BB}.Debug|x86.ActiveCfg = Debug|Any CPU
		{90E28404-D2DE-4835-8FAF-AC2FF05CE6BB}.Debug|x86.Build.0 = Debug|Any CPU
		{90E28404-D2DE-4835-8FAF-AC2FF05CE6BB}.Release|Any CPU.ActiveCfg = Release|Any CPU
		{90E28404-D2DE-4835-8FAF-AC2FF05CE6BB}.Release|Any CPU.Build.0 = Release|Any CPU
		{90E28404-D2DE-4835-8FAF-AC2FF05CE6BB}.Release|ARM.ActiveCfg = Release|Any CPU
		{90E28404-D2DE-4835-8FAF-AC2FF05CE6BB}.Release|ARM.Build.0 = Release|Any CPU
		{90E28404-D2DE-4835-8FAF-AC2FF05CE6BB}.Release|Mixed Platforms.ActiveCfg = Release|Any CPU
		{90E28404-D2DE-4835-8FAF-AC2FF05CE6BB}.Release|Mixed Platforms.Build.0 = Release|Any CPU
		{90E28404-D2DE-4835-8FAF-AC2FF05CE6BB}.Release|x64.ActiveCfg = Release|Any CPU
		{90E28404-D2DE-4835-8FAF-AC2FF05CE6BB}.Release|x64.Build.0 = Release|Any CPU
		{90E28404-D2DE-4835-8FAF-AC2FF05CE6BB}.Release|x86.ActiveCfg = Release|Any CPU
		{90E28404-D2DE-4835-8FAF-AC2FF05CE6BB}.Release|x86.Build.0 = Release|Any CPU
		{D59C8C51-D254-4457-BDE0-9A02D8A619A4}.Debug|Any CPU.ActiveCfg = Debug|Any CPU
		{D59C8C51-D254-4457-BDE0-9A02D8A619A4}.Debug|Any CPU.Build.0 = Debug|Any CPU
		{D59C8C51-D254-4457-BDE0-9A02D8A619A4}.Debug|ARM.ActiveCfg = Debug|Any CPU
		{D59C8C51-D254-4457-BDE0-9A02D8A619A4}.Debug|Mixed Platforms.ActiveCfg = Debug|Any CPU
		{D59C8C51-D254-4457-BDE0-9A02D8A619A4}.Debug|Mixed Platforms.Build.0 = Debug|Any CPU
		{D59C8C51-D254-4457-BDE0-9A02D8A619A4}.Debug|x64.ActiveCfg = Debug|Any CPU
		{D59C8C51-D254-4457-BDE0-9A02D8A619A4}.Debug|x86.ActiveCfg = Debug|Any CPU
		{D59C8C51-D254-4457-BDE0-9A02D8A619A4}.Release|Any CPU.ActiveCfg = Release|Any CPU
		{D59C8C51-D254-4457-BDE0-9A02D8A619A4}.Release|Any CPU.Build.0 = Release|Any CPU
		{D59C8C51-D254-4457-BDE0-9A02D8A619A4}.Release|ARM.ActiveCfg = Release|Any CPU
		{D59C8C51-D254-4457-BDE0-9A02D8A619A4}.Release|Mixed Platforms.ActiveCfg = Release|Any CPU
		{D59C8C51-D254-4457-BDE0-9A02D8A619A4}.Release|Mixed Platforms.Build.0 = Release|Any CPU
		{D59C8C51-D254-4457-BDE0-9A02D8A619A4}.Release|x64.ActiveCfg = Release|Any CPU
		{D59C8C51-D254-4457-BDE0-9A02D8A619A4}.Release|x86.ActiveCfg = Release|Any CPU
		{08B323F8-0E28-4AA5-ADEA-26C93FF23FF8}.Debug|Any CPU.ActiveCfg = Debug|Any CPU
		{08B323F8-0E28-4AA5-ADEA-26C93FF23FF8}.Debug|Any CPU.Build.0 = Debug|Any CPU
		{08B323F8-0E28-4AA5-ADEA-26C93FF23FF8}.Debug|ARM.ActiveCfg = Debug|Any CPU
		{08B323F8-0E28-4AA5-ADEA-26C93FF23FF8}.Debug|Mixed Platforms.ActiveCfg = Debug|Any CPU
		{08B323F8-0E28-4AA5-ADEA-26C93FF23FF8}.Debug|Mixed Platforms.Build.0 = Debug|Any CPU
		{08B323F8-0E28-4AA5-ADEA-26C93FF23FF8}.Debug|x64.ActiveCfg = Debug|Any CPU
		{08B323F8-0E28-4AA5-ADEA-26C93FF23FF8}.Debug|x86.ActiveCfg = Debug|Any CPU
		{08B323F8-0E28-4AA5-ADEA-26C93FF23FF8}.Release|Any CPU.ActiveCfg = Release|Any CPU
		{08B323F8-0E28-4AA5-ADEA-26C93FF23FF8}.Release|Any CPU.Build.0 = Release|Any CPU
		{08B323F8-0E28-4AA5-ADEA-26C93FF23FF8}.Release|ARM.ActiveCfg = Release|Any CPU
		{08B323F8-0E28-4AA5-ADEA-26C93FF23FF8}.Release|Mixed Platforms.ActiveCfg = Release|Any CPU
		{08B323F8-0E28-4AA5-ADEA-26C93FF23FF8}.Release|Mixed Platforms.Build.0 = Release|Any CPU
		{08B323F8-0E28-4AA5-ADEA-26C93FF23FF8}.Release|x64.ActiveCfg = Release|Any CPU
		{08B323F8-0E28-4AA5-ADEA-26C93FF23FF8}.Release|x86.ActiveCfg = Release|Any CPU
		{01DE61DB-A507-4C80-B176-18F30696BEE7}.Debug|Any CPU.ActiveCfg = Debug|Any CPU
		{01DE61DB-A507-4C80-B176-18F30696BEE7}.Debug|Any CPU.Build.0 = Debug|Any CPU
		{01DE61DB-A507-4C80-B176-18F30696BEE7}.Debug|ARM.ActiveCfg = Debug|Any CPU
		{01DE61DB-A507-4C80-B176-18F30696BEE7}.Debug|Mixed Platforms.ActiveCfg = Debug|Any CPU
		{01DE61DB-A507-4C80-B176-18F30696BEE7}.Debug|Mixed Platforms.Build.0 = Debug|Any CPU
		{01DE61DB-A507-4C80-B176-18F30696BEE7}.Debug|x64.ActiveCfg = Debug|Any CPU
		{01DE61DB-A507-4C80-B176-18F30696BEE7}.Debug|x86.ActiveCfg = Debug|Any CPU
		{01DE61DB-A507-4C80-B176-18F30696BEE7}.Release|Any CPU.ActiveCfg = Release|Any CPU
		{01DE61DB-A507-4C80-B176-18F30696BEE7}.Release|Any CPU.Build.0 = Release|Any CPU
		{01DE61DB-A507-4C80-B176-18F30696BEE7}.Release|ARM.ActiveCfg = Release|Any CPU
		{01DE61DB-A507-4C80-B176-18F30696BEE7}.Release|Mixed Platforms.ActiveCfg = Release|Any CPU
		{01DE61DB-A507-4C80-B176-18F30696BEE7}.Release|Mixed Platforms.Build.0 = Release|Any CPU
		{01DE61DB-A507-4C80-B176-18F30696BEE7}.Release|x64.ActiveCfg = Release|Any CPU
		{01DE61DB-A507-4C80-B176-18F30696BEE7}.Release|x86.ActiveCfg = Release|Any CPU
		{473A3B13-1E08-473E-9A27-D3C44D6D9B36}.Debug|Any CPU.ActiveCfg = Debug|Any CPU
		{473A3B13-1E08-473E-9A27-D3C44D6D9B36}.Debug|Any CPU.Build.0 = Debug|Any CPU
		{473A3B13-1E08-473E-9A27-D3C44D6D9B36}.Debug|ARM.ActiveCfg = Debug|ARM
		{473A3B13-1E08-473E-9A27-D3C44D6D9B36}.Debug|ARM.Build.0 = Debug|ARM
		{473A3B13-1E08-473E-9A27-D3C44D6D9B36}.Debug|Mixed Platforms.ActiveCfg = Debug|x86
		{473A3B13-1E08-473E-9A27-D3C44D6D9B36}.Debug|Mixed Platforms.Build.0 = Debug|x86
		{473A3B13-1E08-473E-9A27-D3C44D6D9B36}.Debug|x64.ActiveCfg = Debug|Any CPU
		{473A3B13-1E08-473E-9A27-D3C44D6D9B36}.Debug|x86.ActiveCfg = Debug|x86
		{473A3B13-1E08-473E-9A27-D3C44D6D9B36}.Debug|x86.Build.0 = Debug|x86
		{473A3B13-1E08-473E-9A27-D3C44D6D9B36}.Release|Any CPU.ActiveCfg = Release|Any CPU
		{473A3B13-1E08-473E-9A27-D3C44D6D9B36}.Release|Any CPU.Build.0 = Release|Any CPU
		{473A3B13-1E08-473E-9A27-D3C44D6D9B36}.Release|ARM.ActiveCfg = Release|ARM
		{473A3B13-1E08-473E-9A27-D3C44D6D9B36}.Release|ARM.Build.0 = Release|ARM
		{473A3B13-1E08-473E-9A27-D3C44D6D9B36}.Release|Mixed Platforms.ActiveCfg = Release|x86
		{473A3B13-1E08-473E-9A27-D3C44D6D9B36}.Release|Mixed Platforms.Build.0 = Release|x86
		{473A3B13-1E08-473E-9A27-D3C44D6D9B36}.Release|x64.ActiveCfg = Release|Any CPU
		{473A3B13-1E08-473E-9A27-D3C44D6D9B36}.Release|x86.ActiveCfg = Release|x86
		{473A3B13-1E08-473E-9A27-D3C44D6D9B36}.Release|x86.Build.0 = Release|x86
		{68D0ECA8-24AD-4232-9603-39340A51BEF8}.Debug|Any CPU.ActiveCfg = Debug|Any CPU
		{68D0ECA8-24AD-4232-9603-39340A51BEF8}.Debug|Any CPU.Build.0 = Debug|Any CPU
		{68D0ECA8-24AD-4232-9603-39340A51BEF8}.Debug|ARM.ActiveCfg = Debug|ARM
		{68D0ECA8-24AD-4232-9603-39340A51BEF8}.Debug|ARM.Build.0 = Debug|ARM
		{68D0ECA8-24AD-4232-9603-39340A51BEF8}.Debug|Mixed Platforms.ActiveCfg = Debug|x86
		{68D0ECA8-24AD-4232-9603-39340A51BEF8}.Debug|Mixed Platforms.Build.0 = Debug|x86
		{68D0ECA8-24AD-4232-9603-39340A51BEF8}.Debug|x64.ActiveCfg = Debug|x64
		{68D0ECA8-24AD-4232-9603-39340A51BEF8}.Debug|x64.Build.0 = Debug|x64
		{68D0ECA8-24AD-4232-9603-39340A51BEF8}.Debug|x86.ActiveCfg = Debug|x86
		{68D0ECA8-24AD-4232-9603-39340A51BEF8}.Debug|x86.Build.0 = Debug|x86
		{68D0ECA8-24AD-4232-9603-39340A51BEF8}.Release|Any CPU.ActiveCfg = Release|Any CPU
		{68D0ECA8-24AD-4232-9603-39340A51BEF8}.Release|Any CPU.Build.0 = Release|Any CPU
		{68D0ECA8-24AD-4232-9603-39340A51BEF8}.Release|ARM.ActiveCfg = Release|ARM
		{68D0ECA8-24AD-4232-9603-39340A51BEF8}.Release|ARM.Build.0 = Release|ARM
		{68D0ECA8-24AD-4232-9603-39340A51BEF8}.Release|Mixed Platforms.ActiveCfg = Release|x86
		{68D0ECA8-24AD-4232-9603-39340A51BEF8}.Release|Mixed Platforms.Build.0 = Release|x86
		{68D0ECA8-24AD-4232-9603-39340A51BEF8}.Release|x64.ActiveCfg = Release|x64
		{68D0ECA8-24AD-4232-9603-39340A51BEF8}.Release|x64.Build.0 = Release|x64
		{68D0ECA8-24AD-4232-9603-39340A51BEF8}.Release|x86.ActiveCfg = Release|x86
		{68D0ECA8-24AD-4232-9603-39340A51BEF8}.Release|x86.Build.0 = Release|x86
		{3ECCEB4F-4CA9-46C6-A19F-BE272876C5F7}.Debug|Any CPU.ActiveCfg = Debug|Any CPU
		{3ECCEB4F-4CA9-46C6-A19F-BE272876C5F7}.Debug|Any CPU.Build.0 = Debug|Any CPU
		{3ECCEB4F-4CA9-46C6-A19F-BE272876C5F7}.Debug|ARM.ActiveCfg = Debug|Any CPU
		{3ECCEB4F-4CA9-46C6-A19F-BE272876C5F7}.Debug|Mixed Platforms.ActiveCfg = Debug|Any CPU
		{3ECCEB4F-4CA9-46C6-A19F-BE272876C5F7}.Debug|Mixed Platforms.Build.0 = Debug|Any CPU
		{3ECCEB4F-4CA9-46C6-A19F-BE272876C5F7}.Debug|x64.ActiveCfg = Debug|Any CPU
		{3ECCEB4F-4CA9-46C6-A19F-BE272876C5F7}.Debug|x86.ActiveCfg = Debug|Any CPU
		{3ECCEB4F-4CA9-46C6-A19F-BE272876C5F7}.Release|Any CPU.ActiveCfg = Release|Any CPU
		{3ECCEB4F-4CA9-46C6-A19F-BE272876C5F7}.Release|Any CPU.Build.0 = Release|Any CPU
		{3ECCEB4F-4CA9-46C6-A19F-BE272876C5F7}.Release|ARM.ActiveCfg = Release|Any CPU
		{3ECCEB4F-4CA9-46C6-A19F-BE272876C5F7}.Release|Mixed Platforms.ActiveCfg = Release|Any CPU
		{3ECCEB4F-4CA9-46C6-A19F-BE272876C5F7}.Release|Mixed Platforms.Build.0 = Release|Any CPU
		{3ECCEB4F-4CA9-46C6-A19F-BE272876C5F7}.Release|x64.ActiveCfg = Release|Any CPU
		{3ECCEB4F-4CA9-46C6-A19F-BE272876C5F7}.Release|x86.ActiveCfg = Release|Any CPU
		{1E7E3586-01F2-4D8C-94A1-8EEC2AC6CEF4}.Debug|Any CPU.ActiveCfg = Debug|Any CPU
		{1E7E3586-01F2-4D8C-94A1-8EEC2AC6CEF4}.Debug|Any CPU.Build.0 = Debug|Any CPU
		{1E7E3586-01F2-4D8C-94A1-8EEC2AC6CEF4}.Debug|ARM.ActiveCfg = Debug|Any CPU
		{1E7E3586-01F2-4D8C-94A1-8EEC2AC6CEF4}.Debug|Mixed Platforms.ActiveCfg = Debug|Any CPU
		{1E7E3586-01F2-4D8C-94A1-8EEC2AC6CEF4}.Debug|Mixed Platforms.Build.0 = Debug|Any CPU
		{1E7E3586-01F2-4D8C-94A1-8EEC2AC6CEF4}.Debug|x64.ActiveCfg = Debug|Any CPU
		{1E7E3586-01F2-4D8C-94A1-8EEC2AC6CEF4}.Debug|x86.ActiveCfg = Debug|Any CPU
		{1E7E3586-01F2-4D8C-94A1-8EEC2AC6CEF4}.Release|Any CPU.ActiveCfg = Release|Any CPU
		{1E7E3586-01F2-4D8C-94A1-8EEC2AC6CEF4}.Release|Any CPU.Build.0 = Release|Any CPU
		{1E7E3586-01F2-4D8C-94A1-8EEC2AC6CEF4}.Release|ARM.ActiveCfg = Release|Any CPU
		{1E7E3586-01F2-4D8C-94A1-8EEC2AC6CEF4}.Release|Mixed Platforms.ActiveCfg = Release|Any CPU
		{1E7E3586-01F2-4D8C-94A1-8EEC2AC6CEF4}.Release|Mixed Platforms.Build.0 = Release|Any CPU
		{1E7E3586-01F2-4D8C-94A1-8EEC2AC6CEF4}.Release|x64.ActiveCfg = Release|Any CPU
		{1E7E3586-01F2-4D8C-94A1-8EEC2AC6CEF4}.Release|x86.ActiveCfg = Release|Any CPU
		{4B09847C-6A68-4B1C-AF22-7574B6EA8A92}.Debug|Any CPU.ActiveCfg = Debug|Any CPU
		{4B09847C-6A68-4B1C-AF22-7574B6EA8A92}.Debug|Any CPU.Build.0 = Debug|Any CPU
		{4B09847C-6A68-4B1C-AF22-7574B6EA8A92}.Debug|ARM.ActiveCfg = Debug|Any CPU
		{4B09847C-6A68-4B1C-AF22-7574B6EA8A92}.Debug|Mixed Platforms.ActiveCfg = Debug|Any CPU
		{4B09847C-6A68-4B1C-AF22-7574B6EA8A92}.Debug|Mixed Platforms.Build.0 = Debug|Any CPU
		{4B09847C-6A68-4B1C-AF22-7574B6EA8A92}.Debug|x64.ActiveCfg = Debug|Any CPU
		{4B09847C-6A68-4B1C-AF22-7574B6EA8A92}.Debug|x86.ActiveCfg = Debug|Any CPU
		{4B09847C-6A68-4B1C-AF22-7574B6EA8A92}.Release|Any CPU.ActiveCfg = Release|Any CPU
		{4B09847C-6A68-4B1C-AF22-7574B6EA8A92}.Release|Any CPU.Build.0 = Release|Any CPU
		{4B09847C-6A68-4B1C-AF22-7574B6EA8A92}.Release|ARM.ActiveCfg = Release|Any CPU
		{4B09847C-6A68-4B1C-AF22-7574B6EA8A92}.Release|Mixed Platforms.ActiveCfg = Release|Any CPU
		{4B09847C-6A68-4B1C-AF22-7574B6EA8A92}.Release|Mixed Platforms.Build.0 = Release|Any CPU
		{4B09847C-6A68-4B1C-AF22-7574B6EA8A92}.Release|x64.ActiveCfg = Release|Any CPU
		{4B09847C-6A68-4B1C-AF22-7574B6EA8A92}.Release|x86.ActiveCfg = Release|Any CPU
		{9A051E0B-8170-4664-9FD4-C551B2424F55}.Debug|Any CPU.ActiveCfg = Debug|Any CPU
		{9A051E0B-8170-4664-9FD4-C551B2424F55}.Debug|Any CPU.Build.0 = Debug|Any CPU
		{9A051E0B-8170-4664-9FD4-C551B2424F55}.Debug|ARM.ActiveCfg = Debug|Any CPU
		{9A051E0B-8170-4664-9FD4-C551B2424F55}.Debug|Mixed Platforms.ActiveCfg = Debug|Any CPU
		{9A051E0B-8170-4664-9FD4-C551B2424F55}.Debug|Mixed Platforms.Build.0 = Debug|Any CPU
		{9A051E0B-8170-4664-9FD4-C551B2424F55}.Debug|x64.ActiveCfg = Debug|Any CPU
		{9A051E0B-8170-4664-9FD4-C551B2424F55}.Debug|x86.ActiveCfg = Debug|Any CPU
		{9A051E0B-8170-4664-9FD4-C551B2424F55}.Release|Any CPU.ActiveCfg = Release|Any CPU
		{9A051E0B-8170-4664-9FD4-C551B2424F55}.Release|Any CPU.Build.0 = Release|Any CPU
		{9A051E0B-8170-4664-9FD4-C551B2424F55}.Release|ARM.ActiveCfg = Release|Any CPU
		{9A051E0B-8170-4664-9FD4-C551B2424F55}.Release|ARM.Build.0 = Release|Any CPU
		{9A051E0B-8170-4664-9FD4-C551B2424F55}.Release|Mixed Platforms.ActiveCfg = Release|Any CPU
		{9A051E0B-8170-4664-9FD4-C551B2424F55}.Release|Mixed Platforms.Build.0 = Release|Any CPU
		{9A051E0B-8170-4664-9FD4-C551B2424F55}.Release|x64.ActiveCfg = Release|Any CPU
		{9A051E0B-8170-4664-9FD4-C551B2424F55}.Release|x64.Build.0 = Release|Any CPU
		{9A051E0B-8170-4664-9FD4-C551B2424F55}.Release|x86.ActiveCfg = Release|Any CPU
		{8BC08B8B-2710-4450-BEF5-D3F658CFF1F6}.Debug|Any CPU.ActiveCfg = Debug|Any CPU
		{8BC08B8B-2710-4450-BEF5-D3F658CFF1F6}.Debug|Any CPU.Build.0 = Debug|Any CPU
		{8BC08B8B-2710-4450-BEF5-D3F658CFF1F6}.Debug|ARM.ActiveCfg = Debug|Any CPU
		{8BC08B8B-2710-4450-BEF5-D3F658CFF1F6}.Debug|Mixed Platforms.ActiveCfg = Debug|Any CPU
		{8BC08B8B-2710-4450-BEF5-D3F658CFF1F6}.Debug|Mixed Platforms.Build.0 = Debug|Any CPU
		{8BC08B8B-2710-4450-BEF5-D3F658CFF1F6}.Debug|x64.ActiveCfg = Debug|Any CPU
		{8BC08B8B-2710-4450-BEF5-D3F658CFF1F6}.Debug|x86.ActiveCfg = Debug|Any CPU
		{8BC08B8B-2710-4450-BEF5-D3F658CFF1F6}.Release|Any CPU.ActiveCfg = Release|Any CPU
		{8BC08B8B-2710-4450-BEF5-D3F658CFF1F6}.Release|Any CPU.Build.0 = Release|Any CPU
		{8BC08B8B-2710-4450-BEF5-D3F658CFF1F6}.Release|ARM.ActiveCfg = Release|Any CPU
		{8BC08B8B-2710-4450-BEF5-D3F658CFF1F6}.Release|Mixed Platforms.ActiveCfg = Release|Any CPU
		{8BC08B8B-2710-4450-BEF5-D3F658CFF1F6}.Release|Mixed Platforms.Build.0 = Release|Any CPU
		{8BC08B8B-2710-4450-BEF5-D3F658CFF1F6}.Release|x64.ActiveCfg = Release|Any CPU
		{8BC08B8B-2710-4450-BEF5-D3F658CFF1F6}.Release|x86.ActiveCfg = Release|Any CPU
		{A8C17A7A-BCD8-42B0-909D-7622752A07F9}.Debug|Any CPU.ActiveCfg = Debug|Any CPU
		{A8C17A7A-BCD8-42B0-909D-7622752A07F9}.Debug|Any CPU.Build.0 = Debug|Any CPU
		{A8C17A7A-BCD8-42B0-909D-7622752A07F9}.Debug|ARM.ActiveCfg = Debug|Any CPU
		{A8C17A7A-BCD8-42B0-909D-7622752A07F9}.Debug|Mixed Platforms.ActiveCfg = Debug|Any CPU
		{A8C17A7A-BCD8-42B0-909D-7622752A07F9}.Debug|Mixed Platforms.Build.0 = Debug|Any CPU
		{A8C17A7A-BCD8-42B0-909D-7622752A07F9}.Debug|x64.ActiveCfg = Debug|Any CPU
		{A8C17A7A-BCD8-42B0-909D-7622752A07F9}.Debug|x86.ActiveCfg = Debug|Any CPU
		{A8C17A7A-BCD8-42B0-909D-7622752A07F9}.Release|Any CPU.ActiveCfg = Release|Any CPU
		{A8C17A7A-BCD8-42B0-909D-7622752A07F9}.Release|Any CPU.Build.0 = Release|Any CPU
		{A8C17A7A-BCD8-42B0-909D-7622752A07F9}.Release|ARM.ActiveCfg = Release|Any CPU
		{A8C17A7A-BCD8-42B0-909D-7622752A07F9}.Release|Mixed Platforms.ActiveCfg = Release|Any CPU
		{A8C17A7A-BCD8-42B0-909D-7622752A07F9}.Release|Mixed Platforms.Build.0 = Release|Any CPU
		{A8C17A7A-BCD8-42B0-909D-7622752A07F9}.Release|x64.ActiveCfg = Release|Any CPU
		{A8C17A7A-BCD8-42B0-909D-7622752A07F9}.Release|x86.ActiveCfg = Release|Any CPU
		{C94B6107-9300-4795-8ADD-6D53E29738E2}.Debug|Any CPU.ActiveCfg = Debug|Any CPU
		{C94B6107-9300-4795-8ADD-6D53E29738E2}.Debug|Any CPU.Build.0 = Debug|Any CPU
		{C94B6107-9300-4795-8ADD-6D53E29738E2}.Debug|ARM.ActiveCfg = Debug|Any CPU
		{C94B6107-9300-4795-8ADD-6D53E29738E2}.Debug|Mixed Platforms.ActiveCfg = Debug|Any CPU
		{C94B6107-9300-4795-8ADD-6D53E29738E2}.Debug|Mixed Platforms.Build.0 = Debug|Any CPU
		{C94B6107-9300-4795-8ADD-6D53E29738E2}.Debug|x64.ActiveCfg = Debug|Any CPU
		{C94B6107-9300-4795-8ADD-6D53E29738E2}.Debug|x86.ActiveCfg = Debug|Any CPU
		{C94B6107-9300-4795-8ADD-6D53E29738E2}.Release|Any CPU.ActiveCfg = Release|Any CPU
		{C94B6107-9300-4795-8ADD-6D53E29738E2}.Release|Any CPU.Build.0 = Release|Any CPU
		{C94B6107-9300-4795-8ADD-6D53E29738E2}.Release|ARM.ActiveCfg = Release|Any CPU
		{C94B6107-9300-4795-8ADD-6D53E29738E2}.Release|Mixed Platforms.ActiveCfg = Release|Any CPU
		{C94B6107-9300-4795-8ADD-6D53E29738E2}.Release|Mixed Platforms.Build.0 = Release|Any CPU
		{C94B6107-9300-4795-8ADD-6D53E29738E2}.Release|x64.ActiveCfg = Release|Any CPU
		{C94B6107-9300-4795-8ADD-6D53E29738E2}.Release|x86.ActiveCfg = Release|Any CPU
		{67733581-8469-475D-98F6-1FBB53EE2621}.Debug|Any CPU.ActiveCfg = Debug|Any CPU
		{67733581-8469-475D-98F6-1FBB53EE2621}.Debug|Any CPU.Build.0 = Debug|Any CPU
		{67733581-8469-475D-98F6-1FBB53EE2621}.Debug|ARM.ActiveCfg = Debug|ARM
		{67733581-8469-475D-98F6-1FBB53EE2621}.Debug|ARM.Build.0 = Debug|ARM
		{67733581-8469-475D-98F6-1FBB53EE2621}.Debug|Mixed Platforms.ActiveCfg = Debug|x86
		{67733581-8469-475D-98F6-1FBB53EE2621}.Debug|Mixed Platforms.Build.0 = Debug|x86
		{67733581-8469-475D-98F6-1FBB53EE2621}.Debug|x64.ActiveCfg = Debug|Any CPU
		{67733581-8469-475D-98F6-1FBB53EE2621}.Debug|x86.ActiveCfg = Debug|x86
		{67733581-8469-475D-98F6-1FBB53EE2621}.Debug|x86.Build.0 = Debug|x86
		{67733581-8469-475D-98F6-1FBB53EE2621}.Release|Any CPU.ActiveCfg = Release|Any CPU
		{67733581-8469-475D-98F6-1FBB53EE2621}.Release|Any CPU.Build.0 = Release|Any CPU
		{67733581-8469-475D-98F6-1FBB53EE2621}.Release|ARM.ActiveCfg = Release|ARM
		{67733581-8469-475D-98F6-1FBB53EE2621}.Release|ARM.Build.0 = Release|ARM
		{67733581-8469-475D-98F6-1FBB53EE2621}.Release|Mixed Platforms.ActiveCfg = Release|x86
		{67733581-8469-475D-98F6-1FBB53EE2621}.Release|Mixed Platforms.Build.0 = Release|x86
		{67733581-8469-475D-98F6-1FBB53EE2621}.Release|x64.ActiveCfg = Release|Any CPU
		{67733581-8469-475D-98F6-1FBB53EE2621}.Release|x86.ActiveCfg = Release|x86
		{67733581-8469-475D-98F6-1FBB53EE2621}.Release|x86.Build.0 = Release|x86
		{3E540895-B381-4073-994F-395E73F9B6D5}.Debug|Any CPU.ActiveCfg = Debug|Any CPU
		{3E540895-B381-4073-994F-395E73F9B6D5}.Debug|Any CPU.Build.0 = Debug|Any CPU
		{3E540895-B381-4073-994F-395E73F9B6D5}.Debug|ARM.ActiveCfg = Debug|ARM
		{3E540895-B381-4073-994F-395E73F9B6D5}.Debug|ARM.Build.0 = Debug|ARM
		{3E540895-B381-4073-994F-395E73F9B6D5}.Debug|Mixed Platforms.ActiveCfg = Debug|x86
		{3E540895-B381-4073-994F-395E73F9B6D5}.Debug|Mixed Platforms.Build.0 = Debug|x86
		{3E540895-B381-4073-994F-395E73F9B6D5}.Debug|x64.ActiveCfg = Debug|x64
		{3E540895-B381-4073-994F-395E73F9B6D5}.Debug|x64.Build.0 = Debug|x64
		{3E540895-B381-4073-994F-395E73F9B6D5}.Debug|x86.ActiveCfg = Debug|x86
		{3E540895-B381-4073-994F-395E73F9B6D5}.Debug|x86.Build.0 = Debug|x86
		{3E540895-B381-4073-994F-395E73F9B6D5}.Release|Any CPU.ActiveCfg = Release|Any CPU
		{3E540895-B381-4073-994F-395E73F9B6D5}.Release|Any CPU.Build.0 = Release|Any CPU
		{3E540895-B381-4073-994F-395E73F9B6D5}.Release|ARM.ActiveCfg = Release|ARM
		{3E540895-B381-4073-994F-395E73F9B6D5}.Release|ARM.Build.0 = Release|ARM
		{3E540895-B381-4073-994F-395E73F9B6D5}.Release|Mixed Platforms.ActiveCfg = Release|x86
		{3E540895-B381-4073-994F-395E73F9B6D5}.Release|Mixed Platforms.Build.0 = Release|x86
		{3E540895-B381-4073-994F-395E73F9B6D5}.Release|x64.ActiveCfg = Release|x64
		{3E540895-B381-4073-994F-395E73F9B6D5}.Release|x64.Build.0 = Release|x64
		{3E540895-B381-4073-994F-395E73F9B6D5}.Release|x86.ActiveCfg = Release|x86
		{3E540895-B381-4073-994F-395E73F9B6D5}.Release|x86.Build.0 = Release|x86
		{7BC60392-D681-4B3B-96C3-3F1DB6C9DE85}.Debug|Any CPU.ActiveCfg = Debug|Any CPU
		{7BC60392-D681-4B3B-96C3-3F1DB6C9DE85}.Debug|Any CPU.Build.0 = Debug|Any CPU
		{7BC60392-D681-4B3B-96C3-3F1DB6C9DE85}.Debug|ARM.ActiveCfg = Debug|Any CPU
		{7BC60392-D681-4B3B-96C3-3F1DB6C9DE85}.Debug|Mixed Platforms.ActiveCfg = Debug|Any CPU
		{7BC60392-D681-4B3B-96C3-3F1DB6C9DE85}.Debug|Mixed Platforms.Build.0 = Debug|Any CPU
		{7BC60392-D681-4B3B-96C3-3F1DB6C9DE85}.Debug|x64.ActiveCfg = Debug|Any CPU
		{7BC60392-D681-4B3B-96C3-3F1DB6C9DE85}.Debug|x86.ActiveCfg = Debug|Any CPU
		{7BC60392-D681-4B3B-96C3-3F1DB6C9DE85}.Release|Any CPU.ActiveCfg = Release|Any CPU
		{7BC60392-D681-4B3B-96C3-3F1DB6C9DE85}.Release|Any CPU.Build.0 = Release|Any CPU
		{7BC60392-D681-4B3B-96C3-3F1DB6C9DE85}.Release|ARM.ActiveCfg = Release|Any CPU
		{7BC60392-D681-4B3B-96C3-3F1DB6C9DE85}.Release|Mixed Platforms.ActiveCfg = Release|Any CPU
		{7BC60392-D681-4B3B-96C3-3F1DB6C9DE85}.Release|Mixed Platforms.Build.0 = Release|Any CPU
		{7BC60392-D681-4B3B-96C3-3F1DB6C9DE85}.Release|x64.ActiveCfg = Release|Any CPU
		{7BC60392-D681-4B3B-96C3-3F1DB6C9DE85}.Release|x86.ActiveCfg = Release|Any CPU
		{2C5501E3-FC9F-423F-978B-69A99F6A6FAD}.Debug|Any CPU.ActiveCfg = Debug|Any CPU
		{2C5501E3-FC9F-423F-978B-69A99F6A6FAD}.Debug|Any CPU.Build.0 = Debug|Any CPU
		{2C5501E3-FC9F-423F-978B-69A99F6A6FAD}.Debug|ARM.ActiveCfg = Debug|Any CPU
		{2C5501E3-FC9F-423F-978B-69A99F6A6FAD}.Debug|Mixed Platforms.ActiveCfg = Debug|Any CPU
		{2C5501E3-FC9F-423F-978B-69A99F6A6FAD}.Debug|Mixed Platforms.Build.0 = Debug|Any CPU
		{2C5501E3-FC9F-423F-978B-69A99F6A6FAD}.Debug|x64.ActiveCfg = Debug|Any CPU
		{2C5501E3-FC9F-423F-978B-69A99F6A6FAD}.Debug|x86.ActiveCfg = Debug|Any CPU
		{2C5501E3-FC9F-423F-978B-69A99F6A6FAD}.Release|Any CPU.ActiveCfg = Release|Any CPU
		{2C5501E3-FC9F-423F-978B-69A99F6A6FAD}.Release|Any CPU.Build.0 = Release|Any CPU
		{2C5501E3-FC9F-423F-978B-69A99F6A6FAD}.Release|ARM.ActiveCfg = Release|Any CPU
		{2C5501E3-FC9F-423F-978B-69A99F6A6FAD}.Release|Mixed Platforms.ActiveCfg = Release|Any CPU
		{2C5501E3-FC9F-423F-978B-69A99F6A6FAD}.Release|Mixed Platforms.Build.0 = Release|Any CPU
		{2C5501E3-FC9F-423F-978B-69A99F6A6FAD}.Release|x64.ActiveCfg = Release|Any CPU
		{2C5501E3-FC9F-423F-978B-69A99F6A6FAD}.Release|x86.ActiveCfg = Release|Any CPU
	EndGlobalSection
	GlobalSection(SolutionProperties) = preSolution
		HideSolutionNode = FALSE
	EndGlobalSection
	GlobalSection(NestedProjects) = preSolution
		{2E338B28-58A6-4E11-878F-A9581FB8B9A8} = {F78FAA1A-3E0C-4216-B5B8-955805B4D49A}
		{00593173-6293-42D7-9AFE-0CBBFDAC631B} = {F78FAA1A-3E0C-4216-B5B8-955805B4D49A}
		{6BA6AF47-3116-42F8-A8AB-2B56C31ACC03} = {F78FAA1A-3E0C-4216-B5B8-955805B4D49A}
		{206075AF-A14B-4D0A-923E-E026465E1EF0} = {2E338B28-58A6-4E11-878F-A9581FB8B9A8}
		{2A22F028-F3A9-49BB-A216-065CC6A55499} = {2E338B28-58A6-4E11-878F-A9581FB8B9A8}
		{7AC289A7-2BFE-4742-9D13-4F839185AC8D} = {2E338B28-58A6-4E11-878F-A9581FB8B9A8}
		{F7E68331-7568-453E-90FF-EBC5EB5F7B94} = {2E338B28-58A6-4E11-878F-A9581FB8B9A8}
		{625FEC12-FDA6-4568-96B5-9B9CC670C003} = {2E338B28-58A6-4E11-878F-A9581FB8B9A8}
		{6048CD4D-5BA3-4EA5-9F53-27CF95A4EA88} = {2E338B28-58A6-4E11-878F-A9581FB8B9A8}
		{7411AC3C-A723-4EA8-90A7-B46F6A4D96E9} = {2E338B28-58A6-4E11-878F-A9581FB8B9A8}
		{362BC1A7-F06B-4323-83A2-C8D375A0D31F} = {2E338B28-58A6-4E11-878F-A9581FB8B9A8}
		{90E28404-D2DE-4835-8FAF-AC2FF05CE6BB} = {00593173-6293-42D7-9AFE-0CBBFDAC631B}
		{D59C8C51-D254-4457-BDE0-9A02D8A619A4} = {00593173-6293-42D7-9AFE-0CBBFDAC631B}
		{08B323F8-0E28-4AA5-ADEA-26C93FF23FF8} = {00593173-6293-42D7-9AFE-0CBBFDAC631B}
		{01DE61DB-A507-4C80-B176-18F30696BEE7} = {00593173-6293-42D7-9AFE-0CBBFDAC631B}
		{473A3B13-1E08-473E-9A27-D3C44D6D9B36} = {00593173-6293-42D7-9AFE-0CBBFDAC631B}
		{68D0ECA8-24AD-4232-9603-39340A51BEF8} = {00593173-6293-42D7-9AFE-0CBBFDAC631B}
		{3ECCEB4F-4CA9-46C6-A19F-BE272876C5F7} = {00593173-6293-42D7-9AFE-0CBBFDAC631B}
		{1E7E3586-01F2-4D8C-94A1-8EEC2AC6CEF4} = {00593173-6293-42D7-9AFE-0CBBFDAC631B}
		{D9520806-29C8-4EB8-96CF-EE3D6D9187D6} = {00593173-6293-42D7-9AFE-0CBBFDAC631B}
		{4B09847C-6A68-4B1C-AF22-7574B6EA8A92} = {D9520806-29C8-4EB8-96CF-EE3D6D9187D6}
		{9A051E0B-8170-4664-9FD4-C551B2424F55} = {6BA6AF47-3116-42F8-A8AB-2B56C31ACC03}
		{8BC08B8B-2710-4450-BEF5-D3F658CFF1F6} = {6BA6AF47-3116-42F8-A8AB-2B56C31ACC03}
		{A8C17A7A-BCD8-42B0-909D-7622752A07F9} = {6BA6AF47-3116-42F8-A8AB-2B56C31ACC03}
		{C94B6107-9300-4795-8ADD-6D53E29738E2} = {6BA6AF47-3116-42F8-A8AB-2B56C31ACC03}
		{67733581-8469-475D-98F6-1FBB53EE2621} = {6BA6AF47-3116-42F8-A8AB-2B56C31ACC03}
		{3E540895-B381-4073-994F-395E73F9B6D5} = {6BA6AF47-3116-42F8-A8AB-2B56C31ACC03}
		{7BC60392-D681-4B3B-96C3-3F1DB6C9DE85} = {6BA6AF47-3116-42F8-A8AB-2B56C31ACC03}
		{2C5501E3-FC9F-423F-978B-69A99F6A6FAD} = {6BA6AF47-3116-42F8-A8AB-2B56C31ACC03}
	EndGlobalSection
EndGlobal
