
Microsoft Visual Studio Solution File, Format Version 12.00
# Visual Studio 2012
Project("{2150E333-8FDC-42A3-9474-1A3956D46DE8}") = "Stopwatch", "Stopwatch", "{2E338B28-58A6-4E11-878F-A9581FB8B9A8}"
EndProject
Project("{2150E333-8FDC-42A3-9474-1A3956D46DE8}") = ".nuget", ".nuget", "{3D839294-A19D-4498-B767-B39674EFAA75}"
	ProjectSection(SolutionItems) = preProject
		.nuget\NuGet.Config = .nuget\NuGet.Config
		.nuget\NuGet.exe = .nuget\NuGet.exe
		.nuget\NuGet.targets = .nuget\NuGet.targets
	EndProjectSection
EndProject
Project("{FAE04EC0-301F-11D3-BF4B-00C04F79EFBC}") = "Stopwatch", "Plugins\Stopwatch\Stopwatch\Stopwatch.csproj", "{7411AC3C-A723-4EA8-90A7-B46F6A4D96E9}"
EndProject
Project("{FAE04EC0-301F-11D3-BF4B-00C04F79EFBC}") = "Stopwatch.Droid", "Plugins\Stopwatch\Stopwatch.Droid\Stopwatch.Droid.csproj", "{206075AF-A14B-4D0A-923E-E026465E1EF0}"
EndProject
Project("{FAE04EC0-301F-11D3-BF4B-00C04F79EFBC}") = "Stopwatch.Mac", "Plugins\Stopwatch\Stopwatch.Mac\Stopwatch.Mac.csproj", "{2A22F028-F3A9-49BB-A216-065CC6A55499}"
EndProject
Project("{FAE04EC0-301F-11D3-BF4B-00C04F79EFBC}") = "Stopwatch.Touch", "Plugins\Stopwatch\Stopwatch.Touch\Stopwatch.Touch.csproj", "{7AC289A7-2BFE-4742-9D13-4F839185AC8D}"
EndProject
Project("{FAE04EC0-301F-11D3-BF4B-00C04F79EFBC}") = "Stopwatch.WindowsPhone", "Plugins\Stopwatch\Stopwatch.WindowsPhone\Stopwatch.WindowsPhone.csproj", "{F7E68331-7568-453E-90FF-EBC5EB5F7B94}"
EndProject
Project("{FAE04EC0-301F-11D3-BF4B-00C04F79EFBC}") = "Stopwatch.WindowsStore", "Plugins\Stopwatch\Stopwatch.WindowsStore\Stopwatch.WindowsStore.csproj", "{625FEC12-FDA6-4568-96B5-9B9CC670C003}"
EndProject
Project("{FAE04EC0-301F-11D3-BF4B-00C04F79EFBC}") = "Stopwatch.WPF", "Plugins\Stopwatch\Stopwatch.WPF\Stopwatch.WPF.csproj", "{362BC1A7-F06B-4323-83A2-C8D375A0D31F}"
EndProject
Project("{FAE04EC0-301F-11D3-BF4B-00C04F79EFBC}") = "Stopwatch.XamMac", "Plugins\Stopwatch\Stopwatch.XamMac\Stopwatch.XamMac.csproj", "{6048CD4D-5BA3-4EA5-9F53-27CF95A4EA88}"
EndProject
Global
	GlobalSection(SolutionConfigurationPlatforms) = preSolution
		Debug|Any CPU = Debug|Any CPU
		Debug|ARM = Debug|ARM
		Debug|x64 = Debug|x64
		Debug|x86 = Debug|x86
		Release|Any CPU = Release|Any CPU
		Release|ARM = Release|ARM
		Release|x64 = Release|x64
		Release|x86 = Release|x86
	EndGlobalSection
	GlobalSection(ProjectConfigurationPlatforms) = postSolution
		{7411AC3C-A723-4EA8-90A7-B46F6A4D96E9}.Debug|Any CPU.ActiveCfg = Debug|Any CPU
		{7411AC3C-A723-4EA8-90A7-B46F6A4D96E9}.Debug|Any CPU.Build.0 = Debug|Any CPU
		{7411AC3C-A723-4EA8-90A7-B46F6A4D96E9}.Debug|ARM.ActiveCfg = Debug|Any CPU
		{7411AC3C-A723-4EA8-90A7-B46F6A4D96E9}.Debug|x64.ActiveCfg = Debug|Any CPU
		{7411AC3C-A723-4EA8-90A7-B46F6A4D96E9}.Debug|x86.ActiveCfg = Debug|Any CPU
		{7411AC3C-A723-4EA8-90A7-B46F6A4D96E9}.Release|Any CPU.ActiveCfg = Release|Any CPU
		{7411AC3C-A723-4EA8-90A7-B46F6A4D96E9}.Release|Any CPU.Build.0 = Release|Any CPU
		{7411AC3C-A723-4EA8-90A7-B46F6A4D96E9}.Release|ARM.ActiveCfg = Release|Any CPU
		{7411AC3C-A723-4EA8-90A7-B46F6A4D96E9}.Release|x64.ActiveCfg = Release|Any CPU
		{7411AC3C-A723-4EA8-90A7-B46F6A4D96E9}.Release|x86.ActiveCfg = Release|Any CPU
		{206075AF-A14B-4D0A-923E-E026465E1EF0}.Debug|Any CPU.ActiveCfg = Debug|Any CPU
		{206075AF-A14B-4D0A-923E-E026465E1EF0}.Debug|Any CPU.Build.0 = Debug|Any CPU
		{206075AF-A14B-4D0A-923E-E026465E1EF0}.Debug|ARM.ActiveCfg = Debug|Any CPU
		{206075AF-A14B-4D0A-923E-E026465E1EF0}.Debug|x64.ActiveCfg = Debug|Any CPU
		{206075AF-A14B-4D0A-923E-E026465E1EF0}.Debug|x86.ActiveCfg = Debug|Any CPU
		{206075AF-A14B-4D0A-923E-E026465E1EF0}.Release|Any CPU.ActiveCfg = Release|Any CPU
		{206075AF-A14B-4D0A-923E-E026465E1EF0}.Release|Any CPU.Build.0 = Release|Any CPU
		{206075AF-A14B-4D0A-923E-E026465E1EF0}.Release|ARM.ActiveCfg = Release|Any CPU
		{206075AF-A14B-4D0A-923E-E026465E1EF0}.Release|x64.ActiveCfg = Release|Any CPU
		{206075AF-A14B-4D0A-923E-E026465E1EF0}.Release|x86.ActiveCfg = Release|Any CPU
		{2A22F028-F3A9-49BB-A216-065CC6A55499}.Debug|Any CPU.ActiveCfg = Debug|Any CPU
		{2A22F028-F3A9-49BB-A216-065CC6A55499}.Debug|Any CPU.Build.0 = Debug|Any CPU
		{2A22F028-F3A9-49BB-A216-065CC6A55499}.Debug|ARM.ActiveCfg = Debug|Any CPU
		{2A22F028-F3A9-49BB-A216-065CC6A55499}.Debug|x64.ActiveCfg = Debug|Any CPU
		{2A22F028-F3A9-49BB-A216-065CC6A55499}.Debug|x86.ActiveCfg = Debug|Any CPU
		{2A22F028-F3A9-49BB-A216-065CC6A55499}.Release|Any CPU.ActiveCfg = Release|Any CPU
		{2A22F028-F3A9-49BB-A216-065CC6A55499}.Release|Any CPU.Build.0 = Release|Any CPU
		{2A22F028-F3A9-49BB-A216-065CC6A55499}.Release|ARM.ActiveCfg = Release|Any CPU
		{2A22F028-F3A9-49BB-A216-065CC6A55499}.Release|x64.ActiveCfg = Release|Any CPU
		{2A22F028-F3A9-49BB-A216-065CC6A55499}.Release|x86.ActiveCfg = Release|Any CPU
		{7AC289A7-2BFE-4742-9D13-4F839185AC8D}.Debug|Any CPU.ActiveCfg = Debug|Any CPU
		{7AC289A7-2BFE-4742-9D13-4F839185AC8D}.Debug|Any CPU.Build.0 = Debug|Any CPU
		{7AC289A7-2BFE-4742-9D13-4F839185AC8D}.Debug|ARM.ActiveCfg = Debug|Any CPU
		{7AC289A7-2BFE-4742-9D13-4F839185AC8D}.Debug|x64.ActiveCfg = Debug|Any CPU
		{7AC289A7-2BFE-4742-9D13-4F839185AC8D}.Debug|x86.ActiveCfg = Debug|Any CPU
		{7AC289A7-2BFE-4742-9D13-4F839185AC8D}.Release|Any CPU.ActiveCfg = Release|Any CPU
		{7AC289A7-2BFE-4742-9D13-4F839185AC8D}.Release|Any CPU.Build.0 = Release|Any CPU
		{7AC289A7-2BFE-4742-9D13-4F839185AC8D}.Release|ARM.ActiveCfg = Release|Any CPU
		{7AC289A7-2BFE-4742-9D13-4F839185AC8D}.Release|x64.ActiveCfg = Release|Any CPU
		{7AC289A7-2BFE-4742-9D13-4F839185AC8D}.Release|x86.ActiveCfg = Release|Any CPU
		{F7E68331-7568-453E-90FF-EBC5EB5F7B94}.Debug|Any CPU.ActiveCfg = Debug|Any CPU
		{F7E68331-7568-453E-90FF-EBC5EB5F7B94}.Debug|Any CPU.Build.0 = Debug|Any CPU
		{F7E68331-7568-453E-90FF-EBC5EB5F7B94}.Debug|ARM.ActiveCfg = Debug|ARM
		{F7E68331-7568-453E-90FF-EBC5EB5F7B94}.Debug|ARM.Build.0 = Debug|ARM
		{F7E68331-7568-453E-90FF-EBC5EB5F7B94}.Debug|x64.ActiveCfg = Debug|Any CPU
		{F7E68331-7568-453E-90FF-EBC5EB5F7B94}.Debug|x86.ActiveCfg = Debug|x86
		{F7E68331-7568-453E-90FF-EBC5EB5F7B94}.Debug|x86.Build.0 = Debug|x86
		{F7E68331-7568-453E-90FF-EBC5EB5F7B94}.Release|Any CPU.ActiveCfg = Release|Any CPU
		{F7E68331-7568-453E-90FF-EBC5EB5F7B94}.Release|Any CPU.Build.0 = Release|Any CPU
		{F7E68331-7568-453E-90FF-EBC5EB5F7B94}.Release|ARM.ActiveCfg = Release|ARM
		{F7E68331-7568-453E-90FF-EBC5EB5F7B94}.Release|ARM.Build.0 = Release|ARM
		{F7E68331-7568-453E-90FF-EBC5EB5F7B94}.Release|x64.ActiveCfg = Release|Any CPU
		{F7E68331-7568-453E-90FF-EBC5EB5F7B94}.Release|x86.ActiveCfg = Release|x86
		{F7E68331-7568-453E-90FF-EBC5EB5F7B94}.Release|x86.Build.0 = Release|x86
		{625FEC12-FDA6-4568-96B5-9B9CC670C003}.Debug|Any CPU.ActiveCfg = Debug|Any CPU
		{625FEC12-FDA6-4568-96B5-9B9CC670C003}.Debug|Any CPU.Build.0 = Debug|Any CPU
		{625FEC12-FDA6-4568-96B5-9B9CC670C003}.Debug|ARM.ActiveCfg = Debug|ARM
		{625FEC12-FDA6-4568-96B5-9B9CC670C003}.Debug|ARM.Build.0 = Debug|ARM
		{625FEC12-FDA6-4568-96B5-9B9CC670C003}.Debug|x64.ActiveCfg = Debug|x64
		{625FEC12-FDA6-4568-96B5-9B9CC670C003}.Debug|x64.Build.0 = Debug|x64
		{625FEC12-FDA6-4568-96B5-9B9CC670C003}.Debug|x86.ActiveCfg = Debug|x86
		{625FEC12-FDA6-4568-96B5-9B9CC670C003}.Debug|x86.Build.0 = Debug|x86
		{625FEC12-FDA6-4568-96B5-9B9CC670C003}.Release|Any CPU.ActiveCfg = Release|Any CPU
		{625FEC12-FDA6-4568-96B5-9B9CC670C003}.Release|Any CPU.Build.0 = Release|Any CPU
		{625FEC12-FDA6-4568-96B5-9B9CC670C003}.Release|ARM.ActiveCfg = Release|ARM
		{625FEC12-FDA6-4568-96B5-9B9CC670C003}.Release|ARM.Build.0 = Release|ARM
		{625FEC12-FDA6-4568-96B5-9B9CC670C003}.Release|x64.ActiveCfg = Release|x64
		{625FEC12-FDA6-4568-96B5-9B9CC670C003}.Release|x64.Build.0 = Release|x64
		{625FEC12-FDA6-4568-96B5-9B9CC670C003}.Release|x86.ActiveCfg = Release|x86
		{625FEC12-FDA6-4568-96B5-9B9CC670C003}.Release|x86.Build.0 = Release|x86
		{362BC1A7-F06B-4323-83A2-C8D375A0D31F}.Debug|Any CPU.ActiveCfg = Debug|Any CPU
		{362BC1A7-F06B-4323-83A2-C8D375A0D31F}.Debug|Any CPU.Build.0 = Debug|Any CPU
		{362BC1A7-F06B-4323-83A2-C8D375A0D31F}.Debug|ARM.ActiveCfg = Debug|Any CPU
		{362BC1A7-F06B-4323-83A2-C8D375A0D31F}.Debug|x64.ActiveCfg = Debug|Any CPU
		{362BC1A7-F06B-4323-83A2-C8D375A0D31F}.Debug|x86.ActiveCfg = Debug|Any CPU
		{362BC1A7-F06B-4323-83A2-C8D375A0D31F}.Release|Any CPU.ActiveCfg = Release|Any CPU
		{362BC1A7-F06B-4323-83A2-C8D375A0D31F}.Release|Any CPU.Build.0 = Release|Any CPU
		{362BC1A7-F06B-4323-83A2-C8D375A0D31F}.Release|ARM.ActiveCfg = Release|Any CPU
		{362BC1A7-F06B-4323-83A2-C8D375A0D31F}.Release|x64.ActiveCfg = Release|Any CPU
		{362BC1A7-F06B-4323-83A2-C8D375A0D31F}.Release|x86.ActiveCfg = Release|Any CPU
		{6048CD4D-5BA3-4EA5-9F53-27CF95A4EA88}.Debug|Any CPU.ActiveCfg = Debug|Any CPU
		{6048CD4D-5BA3-4EA5-9F53-27CF95A4EA88}.Debug|Any CPU.Build.0 = Debug|Any CPU
		{6048CD4D-5BA3-4EA5-9F53-27CF95A4EA88}.Debug|ARM.ActiveCfg = Debug|Any CPU
		{6048CD4D-5BA3-4EA5-9F53-27CF95A4EA88}.Debug|x64.ActiveCfg = Debug|Any CPU
		{6048CD4D-5BA3-4EA5-9F53-27CF95A4EA88}.Debug|x86.ActiveCfg = Debug|Any CPU
		{6048CD4D-5BA3-4EA5-9F53-27CF95A4EA88}.Release|Any CPU.ActiveCfg = Release|Any CPU
		{6048CD4D-5BA3-4EA5-9F53-27CF95A4EA88}.Release|Any CPU.Build.0 = Release|Any CPU
		{6048CD4D-5BA3-4EA5-9F53-27CF95A4EA88}.Release|ARM.ActiveCfg = Release|Any CPU
		{6048CD4D-5BA3-4EA5-9F53-27CF95A4EA88}.Release|x64.ActiveCfg = Release|Any CPU
		{6048CD4D-5BA3-4EA5-9F53-27CF95A4EA88}.Release|x86.ActiveCfg = Release|Any CPU
	EndGlobalSection
	GlobalSection(SolutionProperties) = preSolution
		HideSolutionNode = FALSE
	EndGlobalSection
	GlobalSection(NestedProjects) = preSolution
		{7411AC3C-A723-4EA8-90A7-B46F6A4D96E9} = {2E338B28-58A6-4E11-878F-A9581FB8B9A8}
		{206075AF-A14B-4D0A-923E-E026465E1EF0} = {2E338B28-58A6-4E11-878F-A9581FB8B9A8}
		{2A22F028-F3A9-49BB-A216-065CC6A55499} = {2E338B28-58A6-4E11-878F-A9581FB8B9A8}
		{7AC289A7-2BFE-4742-9D13-4F839185AC8D} = {2E338B28-58A6-4E11-878F-A9581FB8B9A8}
		{F7E68331-7568-453E-90FF-EBC5EB5F7B94} = {2E338B28-58A6-4E11-878F-A9581FB8B9A8}
		{625FEC12-FDA6-4568-96B5-9B9CC670C003} = {2E338B28-58A6-4E11-878F-A9581FB8B9A8}
		{362BC1A7-F06B-4323-83A2-C8D375A0D31F} = {2E338B28-58A6-4E11-878F-A9581FB8B9A8}
		{6048CD4D-5BA3-4EA5-9F53-27CF95A4EA88} = {2E338B28-58A6-4E11-878F-A9581FB8B9A8}
	EndGlobalSection
EndGlobal
